
Microsoft Visual Studio Solution File, Format Version 12.00
# Visual Studio Version 17
VisualStudioVersion = 17.6.33815.320
MinimumVisualStudioVersion = 10.0.40219.1
Project("{FAE04EC0-301F-11D3-BF4B-00C04F79EFBC}") = "demoGit", "demoGit\demoGit.csproj", "{007AC140-BB3A-4128-AED2-C1208EA4418C}"
EndProject
Global
	GlobalSection(SolutionConfigurationPlatforms) = preSolution
		Debug|Any CPU = Debug|Any CPU
		Release|Any CPU = Release|Any CPU
	EndGlobalSection
	GlobalSection(ProjectConfigurationPlatforms) = postSolution
		{007AC140-BB3A-4128-AED2-C1208EA4418C}.Debug|Any CPU.ActiveCfg = Debug|Any CPU
		{007AC140-BB3A-4128-AED2-C1208EA4418C}.Debug|Any CPU.Build.0 = Debug|Any CPU
		{007AC140-BB3A-4128-AED2-C1208EA4418C}.Release|Any CPU.ActiveCfg = Release|Any CPU
		{007AC140-BB3A-4128-AED2-C1208EA4418C}.Release|Any CPU.Build.0 = Release|Any CPU
	EndGlobalSection
	GlobalSection(SolutionProperties) = preSolution
		HideSolutionNode = FALSE
	EndGlobalSection
	GlobalSection(ExtensibilityGlobals) = postSolution
		SolutionGuid = {67CF5903-DC31-4DE5-BC98-90D86FB7E25B}
	EndGlobalSection
EndGlobal
